
Microsoft Visual Studio Solution File, Format Version 12.00
# Visual Studio Version 17
VisualStudioVersion = 17.2.32505.173
MinimumVisualStudioVersion = 10.0.40219.1
Project("{FAE04EC0-301F-11D3-BF4B-00C04F79EFBC}") = "RenderFrag", "RenderFrag.csproj", "{7E08C77B-4CB3-4858-9B05-8E102E9B8ECF}"
EndProject
Global
	GlobalSection(SolutionConfigurationPlatforms) = preSolution
		Debug|Any CPU = Debug|Any CPU
		Release|Any CPU = Release|Any CPU
	EndGlobalSection
	GlobalSection(ProjectConfigurationPlatforms) = postSolution
		{7E08C77B-4CB3-4858-9B05-8E102E9B8ECF}.Debug|Any CPU.ActiveCfg = Debug|Any CPU
		{7E08C77B-4CB3-4858-9B05-8E102E9B8ECF}.Debug|Any CPU.Build.0 = Debug|Any CPU
		{7E08C77B-4CB3-4858-9B05-8E102E9B8ECF}.Release|Any CPU.ActiveCfg = Release|Any CPU
		{7E08C77B-4CB3-4858-9B05-8E102E9B8ECF}.Release|Any CPU.Build.0 = Release|Any CPU
	EndGlobalSection
	GlobalSection(SolutionProperties) = preSolution
		HideSolutionNode = FALSE
	EndGlobalSection
	GlobalSection(ExtensibilityGlobals) = postSolution
		SolutionGuid = {2A1AE39F-893B-470B-92DD-359F644F6FFB}
	EndGlobalSection
EndGlobal
